// !$*UTF8*$!
{
	archiveVersion = 1;
	classes = {
	};
	objectVersion = 50;
	objects = {

/* Begin PBXBuildFile section */
		9B4D8E7825133F2A007F171D /* AppDelegate.swift in Sources */ = {isa = PBXBuildFile; fileRef = 9B4D8E7725133F2A007F171D /* AppDelegate.swift */; };
		9B4D8E7A25133F2A007F171D /* art.scnassets in Resources */ = {isa = PBXBuildFile; fileRef = 9B4D8E7925133F2A007F171D /* art.scnassets */; };
		9B4D8E7C25133F2A007F171D /* ViewController.swift in Sources */ = {isa = PBXBuildFile; fileRef = 9B4D8E7B25133F2A007F171D /* ViewController.swift */; };
		9B4D8E7F25133F2A007F171D /* Main.storyboard in Resources */ = {isa = PBXBuildFile; fileRef = 9B4D8E7D25133F2A007F171D /* Main.storyboard */; };
		9B4D8E8125133F31007F171D /* Assets.xcassets in Resources */ = {isa = PBXBuildFile; fileRef = 9B4D8E8025133F31007F171D /* Assets.xcassets */; };
		9B4D8E8425133F31007F171D /* LaunchScreen.storyboard in Resources */ = {isa = PBXBuildFile; fileRef = 9B4D8E8225133F31007F171D /* LaunchScreen.storyboard */; };
/* End PBXBuildFile section */

/* Begin PBXFileReference section */
		9B4D8E7425133F29007F171D /* ARKemSUMerch.app */ = {isa = PBXFileReference; explicitFileType = wrapper.application; includeInIndex = 0; path = ARKemSUMerch.app; sourceTree = BUILT_PRODUCTS_DIR; };
		9B4D8E7725133F2A007F171D /* AppDelegate.swift */ = {isa = PBXFileReference; lastKnownFileType = sourcecode.swift; path = AppDelegate.swift; sourceTree = "<group>"; };
		9B4D8E7925133F2A007F171D /* art.scnassets */ = {isa = PBXFileReference; lastKnownFileType = wrapper.scnassets; path = art.scnassets; sourceTree = "<group>"; };
		9B4D8E7B25133F2A007F171D /* ViewController.swift */ = {isa = PBXFileReference; lastKnownFileType = sourcecode.swift; path = ViewController.swift; sourceTree = "<group>"; };
		9B4D8E7E25133F2A007F171D /* Base */ = {isa = PBXFileReference; lastKnownFileType = file.storyboard; name = Base; path = Base.lproj/Main.storyboard; sourceTree = "<group>"; };
		9B4D8E8025133F31007F171D /* Assets.xcassets */ = {isa = PBXFileReference; lastKnownFileType = folder.assetcatalog; path = Assets.xcassets; sourceTree = "<group>"; };
		9B4D8E8325133F31007F171D /* Base */ = {isa = PBXFileReference; lastKnownFileType = file.storyboard; name = Base; path = Base.lproj/LaunchScreen.storyboard; sourceTree = "<group>"; };
		9B4D8E8525133F31007F171D /* Info.plist */ = {isa = PBXFileReference; lastKnownFileType = text.plist.xml; path = Info.plist; sourceTree = "<group>"; };
/* End PBXFileReference section */

/* Begin PBXFrameworksBuildPhase section */
		9B4D8E7125133F29007F171D /* Frameworks */ = {
			isa = PBXFrameworksBuildPhase;
			buildActionMask = 2147483647;
			files = (
			);
			runOnlyForDeploymentPostprocessing = 0;
		};
/* End PBXFrameworksBuildPhase section */

/* Begin PBXGroup section */
		9B4D8E6B25133F29007F171D = {
			isa = PBXGroup;
			children = (
				9B4D8E7625133F2A007F171D /* ARKemSUMerch */,
				9B4D8E7525133F29007F171D /* Products */,
			);
			sourceTree = "<group>";
		};
		9B4D8E7525133F29007F171D /* Products */ = {
			isa = PBXGroup;
			children = (
				9B4D8E7425133F29007F171D /* ARKemSUMerch.app */,
			);
			name = Products;
			sourceTree = "<group>";
		};
		9B4D8E7625133F2A007F171D /* ARKemSUMerch */ = {
			isa = PBXGroup;
			children = (
				9B4D8E7725133F2A007F171D /* AppDelegate.swift */,
				9B4D8E7925133F2A007F171D /* art.scnassets */,
				9B4D8E7B25133F2A007F171D /* ViewController.swift */,
				9B4D8E7D25133F2A007F171D /* Main.storyboard */,
				9B4D8E8025133F31007F171D /* Assets.xcassets */,
				9B4D8E8225133F31007F171D /* LaunchScreen.storyboard */,
				9B4D8E8525133F31007F171D /* Info.plist */,
			);
			path = ARKemSUMerch;
			sourceTree = "<group>";
		};
/* End PBXGroup section */

/* Begin PBXNativeTarget section */
		9B4D8E7325133F29007F171D /* ARKemSUMerch */ = {
			isa = PBXNativeTarget;
			buildConfigurationList = 9B4D8E8825133F31007F171D /* Build configuration list for PBXNativeTarget "ARKemSUMerch" */;
			buildPhases = (
				9B4D8E7025133F29007F171D /* Sources */,
				9B4D8E7125133F29007F171D /* Frameworks */,
				9B4D8E7225133F29007F171D /* Resources */,
			);
			buildRules = (
			);
			dependencies = (
			);
			name = ARKemSUMerch;
			productName = ARKemSUMerch;
			productReference = 9B4D8E7425133F29007F171D /* ARKemSUMerch.app */;
			productType = "com.apple.product-type.application";
		};
/* End PBXNativeTarget section */

/* Begin PBXProject section */
		9B4D8E6C25133F29007F171D /* Project object */ = {
			isa = PBXProject;
			attributes = {
				LastSwiftUpdateCheck = 1170;
				LastUpgradeCheck = 1170;
				ORGANIZATIONNAME = "Sergey Borisov";
				TargetAttributes = {
					9B4D8E7325133F29007F171D = {
						CreatedOnToolsVersion = 11.7;
					};
				};
			};
			buildConfigurationList = 9B4D8E6F25133F29007F171D /* Build configuration list for PBXProject "ARKemSUMerch" */;
			compatibilityVersion = "Xcode 9.3";
			developmentRegion = en;
			hasScannedForEncodings = 0;
			knownRegions = (
				en,
				Base,
			);
			mainGroup = 9B4D8E6B25133F29007F171D;
			productRefGroup = 9B4D8E7525133F29007F171D /* Products */;
			projectDirPath = "";
			projectRoot = "";
			targets = (
				9B4D8E7325133F29007F171D /* ARKemSUMerch */,
			);
		};
/* End PBXProject section */

/* Begin PBXResourcesBuildPhase section */
		9B4D8E7225133F29007F171D /* Resources */ = {
			isa = PBXResourcesBuildPhase;
			buildActionMask = 2147483647;
			files = (
				9B4D8E7A25133F2A007F171D /* art.scnassets in Resources */,
				9B4D8E8425133F31007F171D /* LaunchScreen.storyboard in Resources */,
				9B4D8E8125133F31007F171D /* Assets.xcassets in Resources */,
				9B4D8E7F25133F2A007F171D /* Main.storyboard in Resources */,
			);
			runOnlyForDeploymentPostprocessing = 0;
		};
/* End PBXResourcesBuildPhase section */

/* Begin PBXSourcesBuildPhase section */
		9B4D8E7025133F29007F171D /* Sources */ = {
			isa = PBXSourcesBuildPhase;
			buildActionMask = 2147483647;
			files = (
				9B4D8E7C25133F2A007F171D /* ViewController.swift in Sources */,
				9B4D8E7825133F2A007F171D /* AppDelegate.swift in Sources */,
			);
			runOnlyForDeploymentPostprocessing = 0;
		};
/* End PBXSourcesBuildPhase section */

/* Begin PBXVariantGroup section */
		9B4D8E7D25133F2A007F171D /* Main.storyboard */ = {
			isa = PBXVariantGroup;
			children = (
				9B4D8E7E25133F2A007F171D /* Base */,
			);
			name = Main.storyboard;
			sourceTree = "<group>";
		};
		9B4D8E8225133F31007F171D /* LaunchScreen.storyboard */ = {
			isa = PBXVariantGroup;
			children = (
				9B4D8E8325133F31007F171D /* Base */,
			);
			name = LaunchScreen.storyboard;
			sourceTree = "<group>";
		};
/* End PBXVariantGroup section */

/* Begin XCBuildConfiguration section */
		9B4D8E8625133F31007F171D /* Debug */ = {
			isa = XCBuildConfiguration;
			buildSettings = {
				ALWAYS_SEARCH_USER_PATHS = NO;
				CLANG_ANALYZER_NONNULL = YES;
				CLANG_ANALYZER_NUMBER_OBJECT_CONVERSION = YES_AGGRESSIVE;
				CLANG_CXX_LANGUAGE_STANDARD = "gnu++14";
				CLANG_CXX_LIBRARY = "libc++";
				CLANG_ENABLE_MODULES = YES;
				CLANG_ENABLE_OBJC_ARC = YES;
				CLANG_ENABLE_OBJC_WEAK = YES;
				CLANG_WARN_BLOCK_CAPTURE_AUTORELEASING = YES;
				CLANG_WARN_BOOL_CONVERSION = YES;
				CLANG_WARN_COMMA = YES;
				CLANG_WARN_CONSTANT_CONVERSION = YES;
				CLANG_WARN_DEPRECATED_OBJC_IMPLEMENTATIONS = YES;
				CLANG_WARN_DIRECT_OBJC_ISA_USAGE = YES_ERROR;
				CLANG_WARN_DOCUMENTATION_COMMENTS = YES;
				CLANG_WARN_EMPTY_BODY = YES;
				CLANG_WARN_ENUM_CONVERSION = YES;
				CLANG_WARN_INFINITE_RECURSION = YES;
				CLANG_WARN_INT_CONVERSION = YES;
				CLANG_WARN_NON_LITERAL_NULL_CONVERSION = YES;
				CLANG_WARN_OBJC_IMPLICIT_RETAIN_SELF = YES;
				CLANG_WARN_OBJC_LITERAL_CONVERSION = YES;
				CLANG_WARN_OBJC_ROOT_CLASS = YES_ERROR;
				CLANG_WARN_RANGE_LOOP_ANALYSIS = YES;
				CLANG_WARN_STRICT_PROTOTYPES = YES;
				CLANG_WARN_SUSPICIOUS_MOVE = YES;
				CLANG_WARN_UNGUARDED_AVAILABILITY = YES_AGGRESSIVE;
				CLANG_WARN_UNREACHABLE_CODE = YES;
				CLANG_WARN__DUPLICATE_METHOD_MATCH = YES;
				COPY_PHASE_STRIP = NO;
				DEBUG_INFORMATION_FORMAT = dwarf;
				ENABLE_STRICT_OBJC_MSGSEND = YES;
				ENABLE_TESTABILITY = YES;
				GCC_C_LANGUAGE_STANDARD = gnu11;
				GCC_DYNAMIC_NO_PIC = NO;
				GCC_NO_COMMON_BLOCKS = YES;
				GCC_OPTIMIZATION_LEVEL = 0;
				GCC_PREPROCESSOR_DEFINITIONS = (
					"DEBUG=1",
					"$(inherited)",
				);
				GCC_WARN_64_TO_32_BIT_CONVERSION = YES;
				GCC_WARN_ABOUT_RETURN_TYPE = YES_ERROR;
				GCC_WARN_UNDECLARED_SELECTOR = YES;
				GCC_WARN_UNINITIALIZED_AUTOS = YES_AGGRESSIVE;
				GCC_WARN_UNUSED_FUNCTION = YES;
				GCC_WARN_UNUSED_VARIABLE = YES;
				IPHONEOS_DEPLOYMENT_TARGET = 13.7;
				MTL_ENABLE_DEBUG_INFO = INCLUDE_SOURCE;
				MTL_FAST_MATH = YES;
				ONLY_ACTIVE_ARCH = YES;
				SDKROOT = iphoneos;
				SWIFT_ACTIVE_COMPILATION_CONDITIONS = DEBUG;
				SWIFT_OPTIMIZATION_LEVEL = "-Onone";
			};
			name = Debug;
		};
		9B4D8E8725133F31007F171D /* Release */ = {
			isa = XCBuildConfiguration;
			buildSettings = {
				ALWAYS_SEARCH_USER_PATHS = NO;
				CLANG_ANALYZER_NONNULL = YES;
				CLANG_ANALYZER_NUMBER_OBJECT_CONVERSION = YES_AGGRESSIVE;
				CLANG_CXX_LANGUAGE_STANDARD = "gnu++14";
				CLANG_CXX_LIBRARY = "libc++";
				CLANG_ENABLE_MODULES = YES;
				CLANG_ENABLE_OBJC_ARC = YES;
				CLANG_ENABLE_OBJC_WEAK = YES;
				CLANG_WARN_BLOCK_CAPTURE_AUTORELEASING = YES;
				CLANG_WARN_BOOL_CONVERSION = YES;
				CLANG_WARN_COMMA = YES;
				CLANG_WARN_CONSTANT_CONVERSION = YES;
				CLANG_WARN_DEPRECATED_OBJC_IMPLEMENTATIONS = YES;
				CLANG_WARN_DIRECT_OBJC_ISA_USAGE = YES_ERROR;
				CLANG_WARN_DOCUMENTATION_COMMENTS = YES;
				CLANG_WARN_EMPTY_BODY = YES;
				CLANG_WARN_ENUM_CONVERSION = YES;
				CLANG_WARN_INFINITE_RECURSION = YES;
				CLANG_WARN_INT_CONVERSION = YES;
				CLANG_WARN_NON_LITERAL_NULL_CONVERSION = YES;
				CLANG_WARN_OBJC_IMPLICIT_RETAIN_SELF = YES;
				CLANG_WARN_OBJC_LITERAL_CONVERSION = YES;
				CLANG_WARN_OBJC_ROOT_CLASS = YES_ERROR;
				CLANG_WARN_RANGE_LOOP_ANALYSIS = YES;
				CLANG_WARN_STRICT_PROTOTYPES = YES;
				CLANG_WARN_SUSPICIOUS_MOVE = YES;
				CLANG_WARN_UNGUARDED_AVAILABILITY = YES_AGGRESSIVE;
				CLANG_WARN_UNREACHABLE_CODE = YES;
				CLANG_WARN__DUPLICATE_METHOD_MATCH = YES;
				COPY_PHASE_STRIP = NO;
				DEBUG_INFORMATION_FORMAT = "dwarf-with-dsym";
				ENABLE_NS_ASSERTIONS = NO;
				ENABLE_STRICT_OBJC_MSGSEND = YES;
				GCC_C_LANGUAGE_STANDARD = gnu11;
				GCC_NO_COMMON_BLOCKS = YES;
				GCC_WARN_64_TO_32_BIT_CONVERSION = YES;
				GCC_WARN_ABOUT_RETURN_TYPE = YES_ERROR;
				GCC_WARN_UNDECLARED_SELECTOR = YES;
				GCC_WARN_UNINITIALIZED_AUTOS = YES_AGGRESSIVE;
				GCC_WARN_UNUSED_FUNCTION = YES;
				GCC_WARN_UNUSED_VARIABLE = YES;
				IPHONEOS_DEPLOYMENT_TARGET = 13.7;
				MTL_ENABLE_DEBUG_INFO = NO;
				MTL_FAST_MATH = YES;
				SDKROOT = iphoneos;
				SWIFT_COMPILATION_MODE = wholemodule;
				SWIFT_OPTIMIZATION_LEVEL = "-O";
				VALIDATE_PRODUCT = YES;
			};
			name = Release;
		};
		9B4D8E8925133F31007F171D /* Debug */ = {
			isa = XCBuildConfiguration;
			buildSettings = {
				ASSETCATALOG_COMPILER_APPICON_NAME = AppIcon;
				CODE_SIGN_STYLE = Automatic;
				DEVELOPMENT_TEAM = HY3A45874N;
				INFOPLIST_FILE = ARKemSUMerch/Info.plist;
				LD_RUNPATH_SEARCH_PATHS = (
					"$(inherited)",
					"@executable_path/Frameworks",
				);
				PRODUCT_BUNDLE_IDENTIFIER = "Sergey-Borisov.ARKemSUMerch";
				PRODUCT_NAME = "$(TARGET_NAME)";
				SWIFT_VERSION = 5.0;
				TARGETED_DEVICE_FAMILY = "1,2";
			};
			name = Debug;
		};
		9B4D8E8A25133F31007F171D /* Release */ = {
			isa = XCBuildConfiguration;
			buildSettings = {
				ASSETCATALOG_COMPILER_APPICON_NAME = AppIcon;
				CODE_SIGN_STYLE = Automatic;
				DEVELOPMENT_TEAM = HY3A45874N;
				INFOPLIST_FILE = ARKemSUMerch/Info.plist;
				LD_RUNPATH_SEARCH_PATHS = (
					"$(inherited)",
					"@executable_path/Frameworks",
				);
				PRODUCT_BUNDLE_IDENTIFIER = "Sergey-Borisov.ARKemSUMerch";
				PRODUCT_NAME = "$(TARGET_NAME)";
				SWIFT_VERSION = 5.0;
				TARGETED_DEVICE_FAMILY = "1,2";
			};
			name = Release;
		};
/* End XCBuildConfiguration section */

/* Begin XCConfigurationList section */
		9B4D8E6F25133F29007F171D /* Build configuration list for PBXProject "ARKemSUMerch" */ = {
			isa = XCConfigurationList;
			buildConfigurations = (
				9B4D8E8625133F31007F171D /* Debug */,
				9B4D8E8725133F31007F171D /* Release */,
			);
			defaultConfigurationIsVisible = 0;
			defaultConfigurationName = Release;
		};
		9B4D8E8825133F31007F171D /* Build configuration list for PBXNativeTarget "ARKemSUMerch" */ = {
			isa = XCConfigurationList;
			buildConfigurations = (
				9B4D8E8925133F31007F171D /* Debug */,
				9B4D8E8A25133F31007F171D /* Release */,
			);
			defaultConfigurationIsVisible = 0;
			defaultConfigurationName = Release;
		};
/* End XCConfigurationList section */
	};
	rootObject = 9B4D8E6C25133F29007F171D /* Project object */;
}
